
Microsoft Visual Studio Solution File, Format Version 12.00
# Visual Studio Version 16
VisualStudioVersion = 16.0.32413.511
MinimumVisualStudioVersion = 10.0.40219.1
Project("{9A19103F-16F7-4668-BE54-9A1E7A4F7556}") = "Task3", "Task3.csproj", "{A522B86D-F41A-4C88-AE69-4AE6E8D530B0}"
EndProject
Project("{2150E333-8FDC-42A3-9474-1A3956D46DE8}") = "UI", "UI", "{4635C877-1A28-4A8C-AFD4-79DF5BAF4DDC}"
EndProject
Global
	GlobalSection(SolutionConfigurationPlatforms) = preSolution
		Debug|Any CPU = Debug|Any CPU
		Release|Any CPU = Release|Any CPU
	EndGlobalSection
	GlobalSection(ProjectConfigurationPlatforms) = postSolution
		{A522B86D-F41A-4C88-AE69-4AE6E8D530B0}.Debug|Any CPU.ActiveCfg = Debug|Any CPU
		{A522B86D-F41A-4C88-AE69-4AE6E8D530B0}.Debug|Any CPU.Build.0 = Debug|Any CPU
		{A522B86D-F41A-4C88-AE69-4AE6E8D530B0}.Release|Any CPU.ActiveCfg = Release|Any CPU
		{A522B86D-F41A-4C88-AE69-4AE6E8D530B0}.Release|Any CPU.Build.0 = Release|Any CPU
	EndGlobalSection
	GlobalSection(SolutionProperties) = preSolution
		HideSolutionNode = FALSE
	EndGlobalSection
	GlobalSection(NestedProjects) = preSolution
		{A522B86D-F41A-4C88-AE69-4AE6E8D530B0} = {4635C877-1A28-4A8C-AFD4-79DF5BAF4DDC}
	EndGlobalSection
	GlobalSection(ExtensibilityGlobals) = postSolution
		SolutionGuid = {572199A1-EB42-4C86-9818-CFB2301F7B6F}
	EndGlobalSection
EndGlobal
